# This file is automatically @generated by Cargo.
# It is not intended for manual editing.
version = 3

[[package]]
name = "aho-corasick"
version = "0.7.18"
source = "registry+https://github.com/rust-lang/crates.io-index"
checksum = "1e37cfd5e7657ada45f742d6e99ca5788580b5c529dc78faf11ece6dc702656f"
dependencies = [
 "memchr 2.4.1",
]

[[package]]
name = "anyhow"
version = "1.0.53"
source = "registry+https://github.com/rust-lang/crates.io-index"
checksum = "94a45b455c14666b85fc40a019e8ab9eb75e3a124e05494f5397122bc9eb06e0"

[[package]]
name = "ascii"
version = "0.9.3"
source = "registry+https://github.com/rust-lang/crates.io-index"
checksum = "eab1c04a571841102f5345a8fc0f6bb3d31c315dec879b5c6e42e40ce7ffa34e"

[[package]]
name = "atty"
version = "0.2.14"
source = "registry+https://github.com/rust-lang/crates.io-index"
checksum = "d9b39be18770d11421cdb1b9947a45dd3f37e93092cbf377614828a319d5fee8"
dependencies = [
 "hermit-abi",
 "libc",
 "winapi",
]

[[package]]
name = "autocfg"
version = "1.1.0"
source = "registry+https://github.com/rust-lang/crates.io-index"
checksum = "d468802bab17cbc0cc575e9b053f41e72aa36bfa6b7f55e3529ffa43161b97fa"

[[package]]
name = "base64"
version = "0.10.1"
source = "registry+https://github.com/rust-lang/crates.io-index"
checksum = "0b25d992356d2eb0ed82172f5248873db5560c4721f564b13cb5193bda5e668e"
dependencies = [
 "byteorder",
]

[[package]]
name = "base64"
version = "0.13.0"
source = "registry+https://github.com/rust-lang/crates.io-index"
checksum = "904dfeac50f3cdaba28fc6f57fdcddb75f49ed61346676a78c4ffe55877802fd"

[[package]]
name = "bitflags"
version = "1.3.2"
source = "registry+https://github.com/rust-lang/crates.io-index"
checksum = "bef38d45163c2f1dde094a7dfd33ccf595c92905c8f8f4fdc18d06fb1037718a"

[[package]]
name = "byteorder"
version = "1.4.3"
source = "registry+https://github.com/rust-lang/crates.io-index"
checksum = "14c189c53d098945499cdfa7ecc63567cf3886b3332b312a5b4585d8d3a6a610"

[[package]]
name = "cc"
version = "1.0.73"
source = "registry+https://github.com/rust-lang/crates.io-index"
checksum = "2fff2a6927b3bb87f9595d67196a70493f627687a71d87a0d692242c33f58c11"

[[package]]
name = "cfg-if"
version = "0.1.10"
source = "registry+https://github.com/rust-lang/crates.io-index"
checksum = "4785bdd1c96b2a846b2bd7cc02e86b6b3dbf14e7e53446c4f54c92a361040822"

[[package]]
name = "cfg-if"
version = "1.0.0"
source = "registry+https://github.com/rust-lang/crates.io-index"
checksum = "baf1de4339761588bc0619e3cbc0120ee582ebb74b53b4efbf79117bd2da40fd"

[[package]]
name = "chunked_transfer"
version = "0.3.1"
source = "registry+https://github.com/rust-lang/crates.io-index"
checksum = "498d20a7aaf62625b9bf26e637cf7736417cde1d0c99f1d04d1170229a85cf87"

[[package]]
name = "cookie"
version = "0.11.4"
source = "registry+https://github.com/rust-lang/crates.io-index"
checksum = "80f6044740a4a516b8aac14c140cdf35c1a640b1bd6b98b6224e49143b2f1566"
dependencies = [
 "percent-encoding 2.1.0",
 "time 0.1.44",
]

[[package]]
name = "core-foundation"
version = "0.9.3"
source = "registry+https://github.com/rust-lang/crates.io-index"
checksum = "194a7a9e6de53fa55116934067c844d9d749312f75c6f6d0980e8c252f8c2146"
dependencies = [
 "core-foundation-sys",
 "libc",
]

[[package]]
name = "core-foundation-sys"
version = "0.8.3"
source = "registry+https://github.com/rust-lang/crates.io-index"
checksum = "5827cebf4670468b8772dd191856768aedcb1b0278a04f989f7766351917b9dc"

[[package]]
name = "cstr-argument"
version = "0.0.2"
source = "registry+https://github.com/rust-lang/crates.io-index"
checksum = "514570a4b719329df37f93448a70df2baac553020d0eb43a8dfa9c1f5ba7b658"
dependencies = [
 "cfg-if 0.1.10",
 "memchr 1.0.2",
]

[[package]]
name = "env_logger"
version = "0.5.13"
source = "registry+https://github.com/rust-lang/crates.io-index"
checksum = "15b0a4d2e39f8420210be8b27eeda28029729e2fd4291019455016c348240c38"
dependencies = [
 "atty",
 "humantime",
 "log",
 "regex",
 "termcolor",
]

[[package]]
name = "fastrand"
version = "1.7.0"
source = "registry+https://github.com/rust-lang/crates.io-index"
checksum = "c3fcf0cee53519c866c09b5de1f6c56ff9d647101f81c1964fa632e148896cdf"
dependencies = [
 "instant",
]

[[package]]
name = "foreign-types"
version = "0.3.2"
source = "registry+https://github.com/rust-lang/crates.io-index"
checksum = "f6f339eb8adc052cd2ca78910fda869aefa38d22d5cb648e6485e4d3fc06f3b1"
dependencies = [
 "foreign-types-shared",
]

[[package]]
name = "foreign-types-shared"
version = "0.1.1"
source = "registry+https://github.com/rust-lang/crates.io-index"
checksum = "00b0228411908ca8685dba7fc2cdd70ec9990a6e753e89b6ac91a84c40fbaf4b"

[[package]]
name = "hermit-abi"
version = "0.1.19"
source = "registry+https://github.com/rust-lang/crates.io-index"
checksum = "62b467343b94ba476dcb2500d242dadbb39557df889310ac77c5d99100aaac33"
dependencies = [
 "libc",
]

[[package]]
name = "humantime"
version = "1.3.0"
source = "registry+https://github.com/rust-lang/crates.io-index"
checksum = "df004cfca50ef23c36850aaaa59ad52cc70d0e90243c3c7737a4dd32dc7a3c4f"
dependencies = [
 "quick-error",
]

[[package]]
name = "idna"
version = "0.1.5"
source = "registry+https://github.com/rust-lang/crates.io-index"
checksum = "38f09e0f0b1fb55fdee1f17470ad800da77af5186a1a76c026b679358b7e844e"
dependencies = [
 "matches",
 "unicode-bidi",
 "unicode-normalization",
]

[[package]]
name = "instant"
version = "0.1.12"
source = "registry+https://github.com/rust-lang/crates.io-index"
checksum = "7a5bbe824c507c5da5956355e86a746d82e0e1464f65d862cc5e71da70e94b2c"
dependencies = [
 "cfg-if 1.0.0",
]

[[package]]
name = "itoa"
version = "1.0.1"
source = "registry+https://github.com/rust-lang/crates.io-index"
checksum = "1aab8fc367588b89dcee83ab0fd66b72b50b72fa1904d7095045ace2b0c81c35"

[[package]]
name = "journaldriver"
version = "1.1.0"
dependencies = [
 "anyhow",
 "env_logger",
 "lazy_static",
 "log",
 "medallion",
 "pkg-config",
 "serde",
 "serde_derive",
 "serde_json",
 "systemd",
 "time 0.3.7",
 "ureq",
]

[[package]]
name = "lazy_static"
version = "1.4.0"
source = "registry+https://github.com/rust-lang/crates.io-index"
checksum = "e2abad23fbc42b3700f2f279844dc832adb2b2eb069b2df918f455c4e18cc646"

[[package]]
name = "libc"
version = "0.2.118"
source = "registry+https://github.com/rust-lang/crates.io-index"
checksum = "06e509672465a0504304aa87f9f176f2b2b716ed8fb105ebe5c02dc6dce96a94"

[[package]]
name = "libsystemd-sys"
version = "0.2.2"
source = "registry+https://github.com/rust-lang/crates.io-index"
checksum = "d7b98458cd04a5c3aacba6f1a3a3c4b9abcb0ae4d66a055eee502e0d52dc226b"
dependencies = [
 "libc",
 "pkg-config",
]

[[package]]
name = "log"
version = "0.4.14"
source = "registry+https://github.com/rust-lang/crates.io-index"
checksum = "51b9bbe6c47d51fc3e1a9b945965946b4c44142ab8792c50835a980d362c2710"
dependencies = [
 "cfg-if 1.0.0",
]

[[package]]
name = "matches"
version = "0.1.9"
source = "registry+https://github.com/rust-lang/crates.io-index"
checksum = "a3e378b66a060d48947b590737b30a1be76706c8dd7b8ba0f2fe3989c68a853f"

[[package]]
name = "medallion"
version = "2.5.0"
source = "registry+https://github.com/rust-lang/crates.io-index"
checksum = "35b83c0c3277d722b53a6eb24e3c1321172f85b715cc7405add8ffd1f2f06288"
dependencies = [
 "anyhow",
 "base64 0.13.0",
 "openssl",
 "serde",
 "serde_json",
 "time 0.3.7",
]

[[package]]
name = "memchr"
version = "1.0.2"
source = "registry+https://github.com/rust-lang/crates.io-index"
checksum = "148fab2e51b4f1cfc66da2a7c32981d1d3c083a803978268bb11fe4b86925e7a"
dependencies = [
 "libc",
]

[[package]]
name = "memchr"
version = "2.4.1"
source = "registry+https://github.com/rust-lang/crates.io-index"
checksum = "308cc39be01b73d0d18f82a0e7b2a3df85245f84af96fdddc5d202d27e47b86a"

[[package]]
name = "native-tls"
version = "0.2.8"
source = "registry+https://github.com/rust-lang/crates.io-index"
checksum = "48ba9f7719b5a0f42f338907614285fb5fd70e53858141f69898a1fb7203b24d"
dependencies = [
 "lazy_static",
 "libc",
 "log",
 "openssl",
 "openssl-probe",
 "openssl-sys",
 "schannel",
 "security-framework",
 "security-framework-sys",
 "tempfile",
]

[[package]]
name = "num_threads"
version = "0.1.3"
source = "registry+https://github.com/rust-lang/crates.io-index"
checksum = "97ba99ba6393e2c3734791401b66902d981cb03bf190af674ca69949b6d5fb15"
dependencies = [
 "libc",
]

[[package]]
name = "once_cell"
version = "1.9.0"
source = "registry+https://github.com/rust-lang/crates.io-index"
checksum = "da32515d9f6e6e489d7bc9d84c71b060db7247dc035bbe44eac88cf87486d8d5"

[[package]]
name = "openssl"
version = "0.10.38"
source = "registry+https://github.com/rust-lang/crates.io-index"
checksum = "0c7ae222234c30df141154f159066c5093ff73b63204dcda7121eb082fc56a95"
dependencies = [
 "bitflags",
 "cfg-if 1.0.0",
 "foreign-types",
 "libc",
 "once_cell",
 "openssl-sys",
]

[[package]]
name = "openssl-probe"
version = "0.1.5"
source = "registry+https://github.com/rust-lang/crates.io-index"
checksum = "ff011a302c396a5197692431fc1948019154afc178baf7d8e37367442a4601cf"

[[package]]
name = "openssl-sys"
version = "0.9.72"
source = "registry+https://github.com/rust-lang/crates.io-index"
checksum = "7e46109c383602735fa0a2e48dd2b7c892b048e1bf69e5c3b1d804b7d9c203cb"
dependencies = [
 "autocfg",
 "cc",
 "libc",
 "pkg-config",
 "vcpkg",
]

[[package]]
name = "percent-encoding"
version = "1.0.1"
source = "registry+https://github.com/rust-lang/crates.io-index"
checksum = "31010dd2e1ac33d5b46a5b413495239882813e0369f8ed8a5e266f173602f831"

[[package]]
name = "percent-encoding"
version = "2.1.0"
source = "registry+https://github.com/rust-lang/crates.io-index"
checksum = "d4fd5641d01c8f18a23da7b6fe29298ff4b55afcccdf78973b24cf3175fee32e"

[[package]]
name = "pkg-config"
version = "0.3.24"
source = "registry+https://github.com/rust-lang/crates.io-index"
checksum = "58893f751c9b0412871a09abd62ecd2a00298c6c83befa223ef98c52aef40cbe"

[[package]]
name = "proc-macro2"
version = "1.0.36"
source = "registry+https://github.com/rust-lang/crates.io-index"
checksum = "c7342d5883fbccae1cc37a2353b09c87c9b0f3afd73f5fb9bba687a1f733b029"
dependencies = [
 "unicode-xid",
]

[[package]]
name = "qstring"
version = "0.6.0"
source = "registry+https://github.com/rust-lang/crates.io-index"
checksum = "545ec057a36a93e25fb5883baed912e4984af4e2543bbf0e3463d962e0408469"
dependencies = [
 "percent-encoding 1.0.1",
]

[[package]]
name = "quick-error"
version = "1.2.3"
source = "registry+https://github.com/rust-lang/crates.io-index"
checksum = "a1d01941d82fa2ab50be1e79e6714289dd7cde78eba4c074bc5a4374f650dfe0"

[[package]]
name = "quote"
version = "1.0.15"
source = "registry+https://github.com/rust-lang/crates.io-index"
checksum = "864d3e96a899863136fc6e99f3d7cae289dafe43bf2c5ac19b70df7210c0a145"
dependencies = [
 "proc-macro2",
]

[[package]]
name = "redox_syscall"
version = "0.2.10"
source = "registry+https://github.com/rust-lang/crates.io-index"
checksum = "8383f39639269cde97d255a32bdb68c047337295414940c68bdd30c2e13203ff"
dependencies = [
 "bitflags",
]

[[package]]
name = "regex"
version = "1.5.4"
source = "registry+https://github.com/rust-lang/crates.io-index"
checksum = "d07a8629359eb56f1e2fb1652bb04212c072a87ba68546a04065d525673ac461"
dependencies = [
 "aho-corasick",
 "memchr 2.4.1",
 "regex-syntax",
]

[[package]]
name = "regex-syntax"
version = "0.6.25"
source = "registry+https://github.com/rust-lang/crates.io-index"
checksum = "f497285884f3fcff424ffc933e56d7cbca511def0c9831a7f9b5f6153e3cc89b"

[[package]]
name = "remove_dir_all"
version = "0.5.3"
source = "registry+https://github.com/rust-lang/crates.io-index"
checksum = "3acd125665422973a33ac9d3dd2df85edad0f4ae9b00dafb1a05e43a9f5ef8e7"
dependencies = [
 "winapi",
]

[[package]]
name = "ryu"
version = "1.0.9"
source = "registry+https://github.com/rust-lang/crates.io-index"
checksum = "73b4b750c782965c211b42f022f59af1fbceabdd026623714f104152f1ec149f"

[[package]]
name = "schannel"
version = "0.1.19"
source = "registry+https://github.com/rust-lang/crates.io-index"
checksum = "8f05ba609c234e60bee0d547fe94a4c7e9da733d1c962cf6e59efa4cd9c8bc75"
dependencies = [
 "lazy_static",
 "winapi",
]

[[package]]
name = "security-framework"
version = "2.6.1"
source = "registry+https://github.com/rust-lang/crates.io-index"
checksum = "2dc14f172faf8a0194a3aded622712b0de276821addc574fa54fc0a1167e10dc"
dependencies = [
 "bitflags",
 "core-foundation",
 "core-foundation-sys",
 "libc",
 "security-framework-sys",
]

[[package]]
name = "security-framework-sys"
version = "2.6.1"
source = "registry+https://github.com/rust-lang/crates.io-index"
checksum = "0160a13a177a45bfb43ce71c01580998474f556ad854dcbca936dd2841a5c556"
dependencies = [
 "core-foundation-sys",
 "libc",
]

[[package]]
name = "serde"
version = "1.0.136"
source = "registry+https://github.com/rust-lang/crates.io-index"
checksum = "ce31e24b01e1e524df96f1c2fdd054405f8d7376249a5110886fb4b658484789"
dependencies = [
 "serde_derive",
]

[[package]]
name = "serde_derive"
version = "1.0.136"
source = "registry+https://github.com/rust-lang/crates.io-index"
checksum = "08597e7152fcd306f41838ed3e37be9eaeed2b61c42e2117266a554fab4662f9"
dependencies = [
 "proc-macro2",
 "quote",
 "syn",
]

[[package]]
name = "serde_json"
version = "1.0.79"
source = "registry+https://github.com/rust-lang/crates.io-index"
checksum = "8e8d9fa5c3b304765ce1fd9c4c8a3de2c8db365a5b91be52f186efc675681d95"
dependencies = [
 "itoa",
 "ryu",
 "serde",
]

[[package]]
name = "syn"
version = "1.0.86"
source = "registry+https://github.com/rust-lang/crates.io-index"
checksum = "8a65b3f4ffa0092e9887669db0eae07941f023991ab58ea44da8fe8e2d511c6b"
dependencies = [
 "proc-macro2",
 "quote",
 "unicode-xid",
]

[[package]]
name = "systemd"
version = "0.3.0"
source = "registry+https://github.com/rust-lang/crates.io-index"
checksum = "1b62a732355787f960c25536210ae0a981aca2e5dae9dab8491bdae39613ce48"
dependencies = [
 "cstr-argument",
 "libc",
 "libsystemd-sys",
 "log",
 "utf8-cstr",
]

[[package]]
name = "tempfile"
version = "3.3.0"
source = "registry+https://github.com/rust-lang/crates.io-index"
checksum = "5cdb1ef4eaeeaddc8fbd371e5017057064af0911902ef36b39801f67cc6d79e4"
dependencies = [
 "cfg-if 1.0.0",
 "fastrand",
 "libc",
 "redox_syscall",
 "remove_dir_all",
 "winapi",
]

[[package]]
name = "termcolor"
version = "1.1.2"
source = "registry+https://github.com/rust-lang/crates.io-index"
checksum = "2dfed899f0eb03f32ee8c6a0aabdb8a7949659e3466561fc0adf54e26d88c5f4"
dependencies = [
 "winapi-util",
]

[[package]]
name = "time"
version = "0.1.44"
source = "registry+https://github.com/rust-lang/crates.io-index"
checksum = "6db9e6914ab8b1ae1c260a4ae7a49b6c5611b40328a735b21862567685e73255"
dependencies = [
 "libc",
 "wasi",
 "winapi",
]

[[package]]
name = "time"
version = "0.3.7"
source = "registry+https://github.com/rust-lang/crates.io-index"
checksum = "004cbc98f30fa233c61a38bc77e96a9106e65c88f2d3bef182ae952027e5753d"
dependencies = [
 "itoa",
 "libc",
 "num_threads",
 "serde",
 "time-macros",
]

[[package]]
name = "time-macros"
version = "0.2.3"
source = "registry+https://github.com/rust-lang/crates.io-index"
checksum = "25eb0ca3468fc0acc11828786797f6ef9aa1555e4a211a60d64cc8e4d1be47d6"

[[package]]
name = "tinyvec"
version = "1.5.1"
source = "registry+https://github.com/rust-lang/crates.io-index"
checksum = "2c1c1d5a42b6245520c249549ec267180beaffcc0615401ac8e31853d4b6d8d2"
dependencies = [
 "tinyvec_macros",
]

[[package]]
name = "tinyvec_macros"
version = "0.1.0"
source = "registry+https://github.com/rust-lang/crates.io-index"
checksum = "cda74da7e1a664f795bb1f8a87ec406fb89a02522cf6e50620d016add6dbbf5c"

[[package]]
name = "unicode-bidi"
version = "0.3.7"
source = "registry+https://github.com/rust-lang/crates.io-index"
checksum = "1a01404663e3db436ed2746d9fefef640d868edae3cceb81c3b8d5732fda678f"

[[package]]
name = "unicode-normalization"
version = "0.1.19"
source = "registry+https://github.com/rust-lang/crates.io-index"
checksum = "d54590932941a9e9266f0832deed84ebe1bf2e4c9e4a3554d393d18f5e854bf9"
dependencies = [
 "tinyvec",
]

[[package]]
name = "unicode-xid"
version = "0.2.2"
source = "registry+https://github.com/rust-lang/crates.io-index"
checksum = "8ccb82d61f80a663efe1f787a51b16b5a51e3314d6ac365b08639f52387b33f3"

[[package]]
name = "ureq"
version = "0.6.5"
source = "registry+https://github.com/rust-lang/crates.io-index"
checksum = "ed08da210f1f080d3ef1e5c7e4dfcca3e9e3b4b03e609ed34aae4de2ed9fe763"
dependencies = [
 "ascii",
 "base64 0.10.1",
 "chunked_transfer",
 "cookie",
 "lazy_static",
 "native-tls",
 "qstring",
 "serde_json",
 "url",
]

[[package]]
name = "url"
version = "1.7.2"
source = "registry+https://github.com/rust-lang/crates.io-index"
checksum = "dd4e7c0d531266369519a4aa4f399d748bd37043b00bde1e4ff1f60a120b355a"
dependencies = [
 "idna",
 "matches",
 "percent-encoding 1.0.1",
]

[[package]]
name = "utf8-cstr"
version = "0.1.6"
source = "registry+https://github.com/rust-lang/crates.io-index"
checksum = "55bcbb425141152b10d5693095950b51c3745d019363fc2929ffd8f61449b628"

[[package]]
name = "vcpkg"
version = "0.2.15"
source = "registry+https://github.com/rust-lang/crates.io-index"
checksum = "accd4ea62f7bb7a82fe23066fb0957d48ef677f6eeb8215f372f52e48bb32426"

[[package]]
name = "wasi"
version = "0.10.0+wasi-snapshot-preview1"
source = "registry+https://github.com/rust-lang/crates.io-index"
checksum = "1a143597ca7c7793eff794def352d41792a93c481eb1042423ff7ff72ba2c31f"

[[package]]
name = "winapi"
version = "0.3.9"
source = "registry+https://github.com/rust-lang/crates.io-index"
checksum = "5c839a674fcd7a98952e593242ea400abe93992746761e38641405d28b00f419"
dependencies = [
 "winapi-i686-pc-windows-gnu",
 "winapi-x86_64-pc-windows-gnu",
]

[[package]]
name = "winapi-i686-pc-windows-gnu"
version = "0.4.0"
source = "registry+https://github.com/rust-lang/crates.io-index"
checksum = "ac3b87c63620426dd9b991e5ce0329eff545bccbbb34f3be09ff6fb6ab51b7b6"

[[package]]
name = "winapi-util"
version = "0.1.5"
source = "registry+https://github.com/rust-lang/crates.io-index"
checksum = "70ec6ce85bb158151cae5e5c87f95a8e97d2c0c4b001223f33a334e3ce5de178"
dependencies = [
 "winapi",
]

[[package]]
name = "winapi-x86_64-pc-windows-gnu"
version = "0.4.0"
source = "registry+https://github.com/rust-lang/crates.io-index"
checksum = "712e227841d057c1ee1cd2fb22fa7e5a5461ae8e48fa2ca79ec42cfc1931183f"
